github.com/go-telegram-bot-api/telegram-bot-api/v5 v5.5.1 h1:wG8n/XJQ07TmjbITcGiUaOtXxdrINDz1b0J1w0SzqDc=
github.com/go-telegram-bot-api/telegram-bot-api/v5 v5.5.1/go.mod h1:A2S0CWkNylc2phvKXWBBdD3K0iGnDBGbzRpISP2zBl8=
github.com/golanguzb70/ucode-sdk v1.3.0 h1:yyRBg1k5D+bXDID8IbBYd2ao1kpWaYmrZ6NmFya4v5k=
github.com/golanguzb70/ucode-sdk v1.3.0/go.mod h1:o5TRTMgroCOR94nUNm5SOwK31DjOebhZl/S1nUPZCUE=
github.com/spf13/cast v1.6.0 h1:GEiTHELF+vaR5dhz3VqZfFSzZjYbgeKDpBxQVS4GYJ0=
github.com/spf13/cast v1.6.0/go.mod h1:ancEpBxwJDODSW/UG4rDrAqiKolqNNh2DX3mk86cAdo=
